{
  "name": "aceleriq-navegador-do-agente",
  "version": "1.0.0",
  "lockfileVersion": 3,
  "requires": true,
  "packages": {
    "": {
      "name": "aceleriq-navegador-do-agente",
      "version": "1.0.0",
      "dependencies": {
        "@supabase/supabase-js": "2.97.0",
        "playwright-core": "1.63.0"
      },
      "devDependencies": {
        "@electric-sql/pglite": "^0.3.0"
      },
      "engines": {
        "node": ">=22.18"
      }
    },
    "node_modules/@electric-sql/pglite": {
      "version": "0.3.16",
      "resolved": "https://registry.npmjs.org/@electric-sql/pglite/-/pglite-0.3.16.tgz",
      "integrity": "sha512-mZkZfOd9OqTMHsK+1cje8OSzfAQcpD7JmILXTl5ahdempjUDdmg4euf1biDex5/LfQIDJ3gvCu6qDgdnDxfJmA==",
      "dev": true,
      "license": "Apache-2.0"
    },
    "node_modules/@supabase/auth-js": {
      "version": "2.97.0",
      "resolved": "https://registry.npmjs.org/@supabase/auth-js/-/auth-js-2.97.0.tgz",
      "integrity": "sha512-2Og/1lqp+AIavr8qS2X04aSl8RBY06y4LrtIAGxat06XoXYiDxKNQMQzWDAKm1EyZFZVRNH48DO5YvIZ7la5fQ==",
      "license": "MIT",
      "dependencies": {
        "tslib": "2.8.1"
      },
      "engines": {
        "node": ">=20.0.0"
      }
    },
    "node_modules/@supabase/functions-js": {
      "version": "2.97.0",
      "resolved": "https://registry.npmjs.org/@supabase/functions-js/-/functions-js-2.97.0.tgz",
      "integrity": "sha512-fSaA0ZeBUS9hMgpGZt5shIZvfs3Mvx2ZdajQT4kv/whubqDBAp3GU5W8iIXy21MRvKmO2NpAj8/Q6y+ZkZyF/w==",
      "license": "MIT",
      "dependencies": {
        "tslib": "2.8.1"
      },
      "engines": {
        "node": ">=20.0.0"
      }
    },
    "node_modules/@supabase/postgrest-js": {
      "version": "2.97.0",
      "resolved": "https://registry.npmjs.org/@supabase/postgrest-js/-/postgrest-js-2.97.0.tgz",
      "integrity": "sha512-g4Ps0eaxZZurvfv/KGoo2XPZNpyNtjth9aW8eho9LZWM0bUuBtxPZw3ZQ6ERSpEGogshR+XNgwlSPIwcuHCNww==",
      "license": "MIT",
      "dependencies": {
        "tslib": "2.8.1"
      },
      "engines": {
        "node": ">=20.0.0"
      }
    },
    "node_modules/@supabase/realtime-js": {
      "version": "2.97.0",
      "resolved": "https://registry.npmjs.org/@supabase/realtime-js/-/realtime-js-2.97.0.tgz",
      "integrity": "sha512-37Jw0NLaFP0CZd7qCan97D1zWutPrTSpgWxAw6Yok59JZoxp4IIKMrPeftJ3LZHmf+ILQOPy3i0pRDHM9FY36Q==",
      "license": "MIT",
      "dependencies": {
        "@types/phoenix": "^1.6.6",
        "@types/ws": "^8.18.1",
        "tslib": "2.8.1",
        "ws": "^8.18.2"
      },
      "engines": {
        "node": ">=20.0.0"
      }
    },
    "node_modules/@supabase/storage-js": {
      "version": "2.97.0",
      "resolved": "https://registry.npmjs.org/@supabase/storage-js/-/storage-js-2.97.0.tgz",
      "integrity": "sha512-9f6NniSBfuMxOWKwEFb+RjJzkfMdJUwv9oHuFJKfe/5VJR8cd90qw68m6Hn0ImGtwG37TUO+QHtoOechxRJ1Yg==",
      "license": "MIT",
      "dependencies": {
        "iceberg-js": "^0.8.1",
        "tslib": "2.8.1"
      },
      "engines": {
        "node": ">=20.0.0"
      }
    },
    "node_modules/@supabase/supabase-js": {
      "version": "2.97.0",
      "resolved": "https://registry.npmjs.org/@supabase/supabase-js/-/supabase-js-2.97.0.tgz",
      "integrity": "sha512-kTD91rZNO4LvRUHv4x3/4hNmsEd2ofkYhuba2VMUPRVef1RCmnHtm7rIws38Fg0yQnOSZOplQzafn0GSiy6GVg==",
      "license": "MIT",
      "dependencies": {
        "@supabase/auth-js": "2.97.0",
        "@supabase/functions-js": "2.97.0",
        "@supabase/postgrest-js": "2.97.0",
        "@supabase/realtime-js": "2.97.0",
        "@supabase/storage-js": "2.97.0"
      },
      "engines": {
        "node": ">=20.0.0"
      }
    },
    "node_modules/@types/node": {
      "version": "26.6.3",
      "resolved": "https://registry.npmjs.org/@types/node/-/node-26.6.3.tgz",
      "integrity": "sha512-dsqMQQoeTLqu9wynDD00q573mNzso3IdQOAfHRJqLCcmCFPoGo9A1bDpUcv/9tnKpErQWv9uKeGfl37EIS02Yg==",
      "license": "MIT",
      "dependencies": {
        "undici-types": "~8.9.0"
      }
    },
    "node_modules/@types/phoenix": {
      "version": "1.6.7",
      "resolved": "https://registry.npmjs.org/@types/phoenix/-/phoenix-1.6.7.tgz",
      "integrity": "sha512-oN9ive//QSBkf19rfDv45M7eZPi0eEXylht2OLEXicu5b4KoQ1OzXIw+xDSGWxSxe1JmepRR/ZH283vsu518/Q==",
      "license": "MIT"
    },
    "node_modules/@types/ws": {
      "version": "8.18.2",
      "resolved": "https://registry.npmjs.org/@types/ws/-/ws-8.18.2.tgz",
      "integrity": "sha512-67MQl+fpWKVTT1NYdnmo3U4sc/xPo/zQBncVnI74qmQa0z/b+1g6iYqNmGCPbxO+zz2aklb08a0oHfegiVd0/w==",
      "license": "MIT",
      "dependencies": {
        "@types/node": "*"
      }
    },
    "node_modules/iceberg-js": {
      "version": "0.8.1",
      "resolved": "https://registry.npmjs.org/iceberg-js/-/iceberg-js-0.8.1.tgz",
      "integrity": "sha512-1dhVQZXhcHje7798IVM+xoo/1ZdVfzOMIc8/rgVSijRK38EDqOJoGula9N/8ZI5RD8QTxNQtK/Gozpr+qUqRRA==",
      "license": "MIT",
      "engines": {
        "node": ">=20.0.0"
      }
    },
    "node_modules/playwright-core": {
      "version": "1.63.0",
      "resolved": "https://registry.npmjs.org/playwright-core/-/playwright-core-1.63.0.tgz",
      "integrity": "sha512-rYCsBF/M5HjUch52bbtVONEFjv6Xu8sm8h72dNlR5bzIE1fvC/bxgspzkjSfU+MweEMmPM8KJebG6nnyxo5mCg==",
      "license": "Apache-2.0",
      "bin": {
        "playwright-core": "cli.js"
      },
      "engines": {
        "node": ">=20"
      }
    },
    "node_modules/tslib": {
      "version": "2.8.1",
      "resolved": "https://registry.npmjs.org/tslib/-/tslib-2.8.1.tgz",
      "integrity": "sha512-oJFu94HQb+KVduSUQL7wnpmqnfmLsOA/nAh6b6EH0wCEoK0/mPeXU6c3wKDV83MkOuHPRHtSXKKU99IBazS/2w==",
      "license": "0BSD"
    },
    "node_modules/undici-types": {
      "version": "8.9.0",
      "resolved": "https://registry.npmjs.org/undici-types/-/undici-types-8.9.0.tgz",
      "integrity": "sha512-KTDyRTYX8sWmKXAikPHHSyc63CRPETMctyjKFupcC6OBLXT3xsN0e9aF7m+mIXutFWpUXuedtowG7iLOzp0kQg==",
      "license": "MIT"
    },
    "node_modules/ws": {
      "version": "8.22.0",
      "resolved": "https://registry.npmjs.org/ws/-/ws-8.22.0.tgz",
      "integrity": "sha512-Ydggc987+RO0AnWtZ/7Wq9FtNvcrL1b/RO0ud9mWjUPgDrsAAwQSF51sm2hm1XofbU/4jkpGEsLFsZZxU+1DOg==",
      "license": "MIT",
      "engines": {
        "node": ">=10.0.0"
      },
      "peerDependencies": {
        "bufferutil": "^4.0.1",
        "utf-8-validate": ">=5.0.2"
      },
      "peerDependenciesMeta": {
        "bufferutil": {
          "optional": true
        },
        "utf-8-validate": {
          "optional": true
        }
      }
    }
  }
}
